
Microsoft Visual Studio Solution File, Format Version 12.00
# Visual Studio Version 16
VisualStudioVersion = 16.0.31205.134
MinimumVisualStudioVersion = 10.0.40219.1
Project("{FAE04EC0-301F-11D3-BF4B-00C04F79EFBC}") = "NunitAssignment9", "NunitAssignment9\NunitAssignment9.csproj", "{37296370-D0C5-4477-9A85-D81690619681}"
EndProject
Project("{FAE04EC0-301F-11D3-BF4B-00C04F79EFBC}") = "Project", "Project\Project.csproj", "{D101DF90-098A-4ED7-B030-1D6B8BBB32CF}"
EndProject
Global
	GlobalSection(SolutionConfigurationPlatforms) = preSolution
		Debug|Any CPU = Debug|Any CPU
		Release|Any CPU = Release|Any CPU
	EndGlobalSection
	GlobalSection(ProjectConfigurationPlatforms) = postSolution
		{37296370-D0C5-4477-9A85-D81690619681}.Debug|Any CPU.ActiveCfg = Debug|Any CPU
		{37296370-D0C5-4477-9A85-D81690619681}.Debug|Any CPU.Build.0 = Debug|Any CPU
		{37296370-D0C5-4477-9A85-D81690619681}.Release|Any CPU.ActiveCfg = Release|Any CPU
		{37296370-D0C5-4477-9A85-D81690619681}.Release|Any CPU.Build.0 = Release|Any CPU
		{D101DF90-098A-4ED7-B030-1D6B8BBB32CF}.Debug|Any CPU.ActiveCfg = Debug|Any CPU
		{D101DF90-098A-4ED7-B030-1D6B8BBB32CF}.Debug|Any CPU.Build.0 = Debug|Any CPU
		{D101DF90-098A-4ED7-B030-1D6B8BBB32CF}.Release|Any CPU.ActiveCfg = Release|Any CPU
		{D101DF90-098A-4ED7-B030-1D6B8BBB32CF}.Release|Any CPU.Build.0 = Release|Any CPU
	EndGlobalSection
	GlobalSection(SolutionProperties) = preSolution
		HideSolutionNode = FALSE
	EndGlobalSection
	GlobalSection(ExtensibilityGlobals) = postSolution
		SolutionGuid = {0BE720C8-FD00-452E-B04A-8EBD640FC676}
	EndGlobalSection
EndGlobal
